
Microsoft Visual Studio Solution File, Format Version 12.00
# Visual Studio Version 16
VisualStudioVersion = 16.0.30611.23
MinimumVisualStudioVersion = 10.0.40219.1
Project("{FAE04EC0-301F-11D3-BF4B-00C04F79EFBC}") = "FEM", "FEM.csproj", "{EE60DB9E-F3C7-40CA-8BB8-23774F75D25D}"
EndProject
Global
	GlobalSection(SolutionConfigurationPlatforms) = preSolution
		Debug|Any CPU = Debug|Any CPU
		Release|Any CPU = Release|Any CPU
	EndGlobalSection
	GlobalSection(ProjectConfigurationPlatforms) = postSolution
		{EE60DB9E-F3C7-40CA-8BB8-23774F75D25D}.Debug|Any CPU.ActiveCfg = Debug|Any CPU
		{EE60DB9E-F3C7-40CA-8BB8-23774F75D25D}.Debug|Any CPU.Build.0 = Debug|Any CPU
		{EE60DB9E-F3C7-40CA-8BB8-23774F75D25D}.Release|Any CPU.ActiveCfg = Release|Any CPU
		{EE60DB9E-F3C7-40CA-8BB8-23774F75D25D}.Release|Any CPU.Build.0 = Release|Any CPU
	EndGlobalSection
	GlobalSection(SolutionProperties) = preSolution
		HideSolutionNode = FALSE
	EndGlobalSection
	GlobalSection(ExtensibilityGlobals) = postSolution
		SolutionGuid = {530880AB-24E5-4339-BD74-160731CA2544}
	EndGlobalSection
EndGlobal
